
Microsoft Visual Studio Solution File, Format Version 12.00
# Visual Studio Version 17
VisualStudioVersion = 17.14.36414.22 d17.14
MinimumVisualStudioVersion = 10.0.40219.1
Project("{FAE04EC0-301F-11D3-BF4B-00C04F79EFBC}") = "WebApplication1", "WebApplication1\WebApplication1.csproj", "{4E49233C-A2AF-4AED-BF56-FA346C17DBC1}"
EndProject
Global
	GlobalSection(SolutionConfigurationPlatforms) = preSolution
		Debug|Any CPU = Debug|Any CPU
		Release|Any CPU = Release|Any CPU
	EndGlobalSection
	GlobalSection(ProjectConfigurationPlatforms) = postSolution
		{4E49233C-A2AF-4AED-BF56-FA346C17DBC1}.Debug|Any CPU.ActiveCfg = Debug|Any CPU
		{4E49233C-A2AF-4AED-BF56-FA346C17DBC1}.Debug|Any CPU.Build.0 = Debug|Any CPU
		{4E49233C-A2AF-4AED-BF56-FA346C17DBC1}.Release|Any CPU.ActiveCfg = Release|Any CPU
		{4E49233C-A2AF-4AED-BF56-FA346C17DBC1}.Release|Any CPU.Build.0 = Release|Any CPU
	EndGlobalSection
	GlobalSection(SolutionProperties) = preSolution
		HideSolutionNode = FALSE
	EndGlobalSection
	GlobalSection(ExtensibilityGlobals) = postSolution
		SolutionGuid = {CB177350-8BEF-461E-811E-D3AE2B0D8878}
	EndGlobalSection
EndGlobal
